Microsoft Visual Studio Solution File, Format Version 12.00
# Visual Studio Version 17
VisualStudioVersion = 17.5.2.0
MinimumVisualStudioVersion = 10.0.40219.1
Project("{2150E333-8FDC-42A3-9474-1A3956D46DE8}") = "claude-orchestrator-web", "claude-orchestrator-web", "{31BD7531-AD8B-4882-4A4B-F49C9B172EC0}"
EndProject
Project("{2150E333-8FDC-42A3-9474-1A3956D46DE8}") = "backend", "backend", "{2865DBBA-36A2-35A2-3819-77F7F793F6DA}"
EndProject
Project("{FAE04EC0-301F-11D3-BF4B-00C04F79EFBC}") = "ClaudeOrchestrator", "claude-orchestrator-web\backend\ClaudeOrchestrator.csproj", "{58E6BF9A-FE39-6AB7-1DAC-4711E96882DC}"
EndProject
Global
	GlobalSection(SolutionConfigurationPlatforms) = preSolution
		Debug|Any CPU = Debug|Any CPU
		Release|Any CPU = Release|Any CPU
	EndGlobalSection
	GlobalSection(ProjectConfigurationPlatforms) = postSolution
		{58E6BF9A-FE39-6AB7-1DAC-4711E96882DC}.Debug|Any CPU.ActiveCfg = Debug|Any CPU
		{58E6BF9A-FE39-6AB7-1DAC-4711E96882DC}.Debug|Any CPU.Build.0 = Debug|Any CPU
		{58E6BF9A-FE39-6AB7-1DAC-4711E96882DC}.Release|Any CPU.ActiveCfg = Release|Any CPU
		{58E6BF9A-FE39-6AB7-1DAC-4711E96882DC}.Release|Any CPU.Build.0 = Release|Any CPU
	EndGlobalSection
	GlobalSection(SolutionProperties) = preSolution
		HideSolutionNode = FALSE
	EndGlobalSection
	GlobalSection(NestedProjects) = preSolution
		{2865DBBA-36A2-35A2-3819-77F7F793F6DA} = {31BD7531-AD8B-4882-4A4B-F49C9B172EC0}
		{58E6BF9A-FE39-6AB7-1DAC-4711E96882DC} = {2865DBBA-36A2-35A2-3819-77F7F793F6DA}
	EndGlobalSection
	GlobalSection(ExtensibilityGlobals) = postSolution
		SolutionGuid = {3145590A-55A6-4F86-A738-F6176026F98A}
	EndGlobalSection
EndGlobal
